
Microsoft Visual Studio Solution File, Format Version 12.00
# Visual Studio Version 17
VisualStudioVersion = 17.14.36221.1
MinimumVisualStudioVersion = 10.0.40219.1
Project("{FAE04EC0-301F-11D3-BF4B-00C04F79EFBC}") = "Api", "src\Api\Api.csproj", "{CBAFC0F9-5B69-AE5B-776E-B650E010DF04}"
EndProject
Project("{FAE04EC0-301F-11D3-BF4B-00C04F79EFBC}") = "Application", "src\Application\Application.csproj", "{5BDAB160-5258-45DA-1CDF-4BFCF367E785}"
EndProject
Project("{FAE04EC0-301F-11D3-BF4B-00C04F79EFBC}") = "Domain", "src\Domain\Domain.csproj", "{87EDA1D2-4B5B-E524-38CE-D0BFCA5F4D6B}"
EndProject
Project("{FAE04EC0-301F-11D3-BF4B-00C04F79EFBC}") = "Infrastructure", "src\Infrastructure\Infrastructure.csproj", "{3D745DFE-AF9A-E111-755D-FD3FFF280728}"
	ProjectSection(ProjectDependencies) = postProject
		{5BDAB160-5258-45DA-1CDF-4BFCF367E785} = {5BDAB160-5258-45DA-1CDF-4BFCF367E785}
		{87EDA1D2-4B5B-E524-38CE-D0BFCA5F4D6B} = {87EDA1D2-4B5B-E524-38CE-D0BFCA5F4D6B}
	EndProjectSection
EndProject
Project("{2150E333-8FDC-42A3-9474-1A3956D46DE8}") = "tests", "tests", "{0AB3BF05-4346-4AA6-1389-037BE0695223}"
EndProject
Project("{2150E333-8FDC-42A3-9474-1A3956D46DE8}") = "Infrastructure", "Infrastructure", "{2CDFC2B4-03A0-2A52-1000-A892D95DD3FA}"
EndProject
Project("{FAE04EC0-301F-11D3-BF4B-00C04F79EFBC}") = "SubastaYa.Infrastructure.IntegrationTests", "tests\Infrastructure\SubastaYa.Infrastructure.IntegrationTests\SubastaYa.Infrastructure.IntegrationTests.csproj", "{F75D3350-B7D7-46EF-AFBE-FA9983812415}"
EndProject
Project("{2150E333-8FDC-42A3-9474-1A3956D46DE8}") = "Application", "Application", "{B611CC27-D592-8FDF-F9F1-D39D131BCC02}"
EndProject
Project("{FAE04EC0-301F-11D3-BF4B-00C04F79EFBC}") = "SubastaYa.Application.UnitTests", "tests\Application\SubastaYa.Application.UnitTests\SubastaYa.Application.UnitTests.csproj", "{7803562D-49BF-4BAD-94E0-519558EDFF80}"
EndProject
Global
	GlobalSection(SolutionConfigurationPlatforms) = preSolution
		Debug|Any CPU = Debug|Any CPU
		Debug|x64 = Debug|x64
		Debug|x86 = Debug|x86
		Release|Any CPU = Release|Any CPU
		Release|x64 = Release|x64
		Release|x86 = Release|x86
	EndGlobalSection
	GlobalSection(ProjectConfigurationPlatforms) = postSolution
		{CBAFC0F9-5B69-AE5B-776E-B650E010DF04}.Debug|Any CPU.ActiveCfg = Debug|Any CPU
		{CBAFC0F9-5B69-AE5B-776E-B650E010DF04}.Debug|Any CPU.Build.0 = Debug|Any CPU
		{CBAFC0F9-5B69-AE5B-776E-B650E010DF04}.Debug|x64.ActiveCfg = Debug|Any CPU
		{CBAFC0F9-5B69-AE5B-776E-B650E010DF04}.Debug|x64.Build.0 = Debug|Any CPU
		{CBAFC0F9-5B69-AE5B-776E-B650E010DF04}.Debug|x86.ActiveCfg = Debug|Any CPU
		{CBAFC0F9-5B69-AE5B-776E-B650E010DF04}.Debug|x86.Build.0 = Debug|Any CPU
		{CBAFC0F9-5B69-AE5B-776E-B650E010DF04}.Release|Any CPU.ActiveCfg = Release|Any CPU
		{CBAFC0F9-5B69-AE5B-776E-B650E010DF04}.Release|Any CPU.Build.0 = Release|Any CPU
		{CBAFC0F9-5B69-AE5B-776E-B650E010DF04}.Release|x64.ActiveCfg = Release|Any CPU
		{CBAFC0F9-5B69-AE5B-776E-B650E010DF04}.Release|x64.Build.0 = Release|Any CPU
		{CBAFC0F9-5B69-AE5B-776E-B650E010DF04}.Release|x86.ActiveCfg = Release|Any CPU
		{CBAFC0F9-5B69-AE5B-776E-B650E010DF04}.Release|x86.Build.0 = Release|Any CPU
		{5BDAB160-5258-45DA-1CDF-4BFCF367E785}.Debug|Any CPU.ActiveCfg = Debug|Any CPU
		{5BDAB160-5258-45DA-1CDF-4BFCF367E785}.Debug|Any CPU.Build.0 = Debug|Any CPU
		{5BDAB160-5258-45DA-1CDF-4BFCF367E785}.Debug|x64.ActiveCfg = Debug|Any CPU
		{5BDAB160-5258-45DA-1CDF-4BFCF367E785}.Debug|x64.Build.0 = Debug|Any CPU
		{5BDAB160-5258-45DA-1CDF-4BFCF367E785}.Debug|x86.ActiveCfg = Debug|Any CPU
		{5BDAB160-5258-45DA-1CDF-4BFCF367E785}.Debug|x86.Build.0 = Debug|Any CPU
		{5BDAB160-5258-45DA-1CDF-4BFCF367E785}.Release|Any CPU.ActiveCfg = Release|Any CPU
		{5BDAB160-5258-45DA-1CDF-4BFCF367E785}.Release|Any CPU.Build.0 = Release|Any CPU
		{5BDAB160-5258-45DA-1CDF-4BFCF367E785}.Release|x64.ActiveCfg = Release|Any CPU
		{5BDAB160-5258-45DA-1CDF-4BFCF367E785}.Release|x64.Build.0 = Release|Any CPU
		{5BDAB160-5258-45DA-1CDF-4BFCF367E785}.Release|x86.ActiveCfg = Release|Any CPU
		{5BDAB160-5258-45DA-1CDF-4BFCF367E785}.Release|x86.Build.0 = Release|Any CPU
		{87EDA1D2-4B5B-E524-38CE-D0BFCA5F4D6B}.Debug|Any CPU.ActiveCfg = Debug|Any CPU
		{87EDA1D2-4B5B-E524-38CE-D0BFCA5F4D6B}.Debug|Any CPU.Build.0 = Debug|Any CPU
		{87EDA1D2-4B5B-E524-38CE-D0BFCA5F4D6B}.Debug|x64.ActiveCfg = Debug|Any CPU
		{87EDA1D2-4B5B-E524-38CE-D0BFCA5F4D6B}.Debug|x64.Build.0 = Debug|Any CPU
		{87EDA1D2-4B5B-E524-38CE-D0BFCA5F4D6B}.Debug|x86.ActiveCfg = Debug|Any CPU
		{87EDA1D2-4B5B-E524-38CE-D0BFCA5F4D6B}.Debug|x86.Build.0 = Debug|Any CPU
		{87EDA1D2-4B5B-E524-38CE-D0BFCA5F4D6B}.Release|Any CPU.ActiveCfg = Release|Any CPU
		{87EDA1D2-4B5B-E524-38CE-D0BFCA5F4D6B}.Release|Any CPU.Build.0 = Release|Any CPU
		{87EDA1D2-4B5B-E524-38CE-D0BFCA5F4D6B}.Release|x64.ActiveCfg = Release|Any CPU
		{87EDA1D2-4B5B-E524-38CE-D0BFCA5F4D6B}.Release|x64.Build.0 = Release|Any CPU
		{87EDA1D2-4B5B-E524-38CE-D0BFCA5F4D6B}.Release|x86.ActiveCfg = Release|Any CPU
		{87EDA1D2-4B5B-E524-38CE-D0BFCA5F4D6B}.Release|x86.Build.0 = Release|Any CPU
		{3D745DFE-AF9A-E111-755D-FD3FFF280728}.Debug|Any CPU.ActiveCfg = Debug|Any CPU
		{3D745DFE-AF9A-E111-755D-FD3FFF280728}.Debug|Any CPU.Build.0 = Debug|Any CPU
		{3D745DFE-AF9A-E111-755D-FD3FFF280728}.Debug|x64.ActiveCfg = Debug|Any CPU
		{3D745DFE-AF9A-E111-755D-FD3FFF280728}.Debug|x64.Build.0 = Debug|Any CPU
		{3D745DFE-AF9A-E111-755D-FD3FFF280728}.Debug|x86.ActiveCfg = Debug|Any CPU
		{3D745DFE-AF9A-E111-755D-FD3FFF280728}.Debug|x86.Build.0 = Debug|Any CPU
		{3D745DFE-AF9A-E111-755D-FD3FFF280728}.Release|Any CPU.ActiveCfg = Release|Any CPU
		{3D745DFE-AF9A-E111-755D-FD3FFF280728}.Release|Any CPU.Build.0 = Release|Any CPU
		{3D745DFE-AF9A-E111-755D-FD3FFF280728}.Release|x64.ActiveCfg = Release|Any CPU
		{3D745DFE-AF9A-E111-755D-FD3FFF280728}.Release|x64.Build.0 = Release|Any CPU
		{3D745DFE-AF9A-E111-755D-FD3FFF280728}.Release|x86.ActiveCfg = Release|Any CPU
		{3D745DFE-AF9A-E111-755D-FD3FFF280728}.Release|x86.Build.0 = Release|Any CPU
		{F75D3350-B7D7-46EF-AFBE-FA9983812415}.Debug|Any CPU.ActiveCfg = Debug|Any CPU
		{F75D3350-B7D7-46EF-AFBE-FA9983812415}.Debug|Any CPU.Build.0 = Debug|Any CPU
		{F75D3350-B7D7-46EF-AFBE-FA9983812415}.Debug|x64.ActiveCfg = Debug|Any CPU
		{F75D3350-B7D7-46EF-AFBE-FA9983812415}.Debug|x64.Build.0 = Debug|Any CPU
		{F75D3350-B7D7-46EF-AFBE-FA9983812415}.Debug|x86.ActiveCfg = Debug|Any CPU
		{F75D3350-B7D7-46EF-AFBE-FA9983812415}.Debug|x86.Build.0 = Debug|Any CPU
		{F75D3350-B7D7-46EF-AFBE-FA9983812415}.Release|Any CPU.ActiveCfg = Release|Any CPU
		{F75D3350-B7D7-46EF-AFBE-FA9983812415}.Release|Any CPU.Build.0 = Release|Any CPU
		{F75D3350-B7D7-46EF-AFBE-FA9983812415}.Release|x64.ActiveCfg = Release|Any CPU
		{F75D3350-B7D7-46EF-AFBE-FA9983812415}.Release|x64.Build.0 = Release|Any CPU
		{F75D3350-B7D7-46EF-AFBE-FA9983812415}.Release|x86.ActiveCfg = Release|Any CPU
		{F75D3350-B7D7-46EF-AFBE-FA9983812415}.Release|x86.Build.0 = Release|Any CPU
		{7803562D-49BF-4BAD-94E0-519558EDFF80}.Debug|Any CPU.ActiveCfg = Debug|Any CPU
		{7803562D-49BF-4BAD-94E0-519558EDFF80}.Debug|Any CPU.Build.0 = Debug|Any CPU
		{7803562D-49BF-4BAD-94E0-519558EDFF80}.Debug|x64.ActiveCfg = Debug|Any CPU
		{7803562D-49BF-4BAD-94E0-519558EDFF80}.Debug|x64.Build.0 = Debug|Any CPU
		{7803562D-49BF-4BAD-94E0-519558EDFF80}.Debug|x86.ActiveCfg = Debug|Any CPU
		{7803562D-49BF-4BAD-94E0-519558EDFF80}.Debug|x86.Build.0 = Debug|Any CPU
		{7803562D-49BF-4BAD-94E0-519558EDFF80}.Release|Any CPU.ActiveCfg = Release|Any CPU
		{7803562D-49BF-4BAD-94E0-519558EDFF80}.Release|Any CPU.Build.0 = Release|Any CPU
		{7803562D-49BF-4BAD-94E0-519558EDFF80}.Release|x64.ActiveCfg = Release|Any CPU
		{7803562D-49BF-4BAD-94E0-519558EDFF80}.Release|x64.Build.0 = Release|Any CPU
		{7803562D-49BF-4BAD-94E0-519558EDFF80}.Release|x86.ActiveCfg = Release|Any CPU
		{7803562D-49BF-4BAD-94E0-519558EDFF80}.Release|x86.Build.0 = Release|Any CPU
	EndGlobalSection
	GlobalSection(SolutionProperties) = preSolution
		HideSolutionNode = FALSE
	EndGlobalSection
	GlobalSection(NestedProjects) = preSolution
		{2CDFC2B4-03A0-2A52-1000-A892D95DD3FA} = {0AB3BF05-4346-4AA6-1389-037BE0695223}
		{F75D3350-B7D7-46EF-AFBE-FA9983812415} = {2CDFC2B4-03A0-2A52-1000-A892D95DD3FA}
		{B611CC27-D592-8FDF-F9F1-D39D131BCC02} = {0AB3BF05-4346-4AA6-1389-037BE0695223}
		{7803562D-49BF-4BAD-94E0-519558EDFF80} = {B611CC27-D592-8FDF-F9F1-D39D131BCC02}
	EndGlobalSection
	GlobalSection(ExtensibilityGlobals) = postSolution
		SolutionGuid = {F9867C93-4EA1-4437-8222-CFBEAED0CF8E}
	EndGlobalSection
EndGlobal
